// !$*UTF8*$!
{
	archiveVersion = 1;
	classes = {
	};
	objectVersion = 46;
	objects = {

/* Begin PBXBuildFile section */
		040D9C901F987EC400778DD4 /* ActionView.swift in Sources */ = {isa = PBXBuildFile; fileRef = 040D9C8F1F987EC400778DD4 /* ActionView.swift */; };
		0444DBAA1F9F6D6C00D51AA7 /* Constants.swift in Sources */ = {isa = PBXBuildFile; fileRef = 0444DBA91F9F6D6C00D51AA7 /* Constants.swift */; };
		0445C1191F9606E2001E2361 /* AccountTypeViewController.swift in Sources */ = {isa = PBXBuildFile; fileRef = 0445C1181F9606E2001E2361 /* AccountTypeViewController.swift */; };
		044790AD1FA09BE500766F49 /* SettingsTableViewCell.swift in Sources */ = {isa = PBXBuildFile; fileRef = 044790AC1FA09BE500766F49 /* SettingsTableViewCell.swift */; };
		044C89EC1F9F62E40009DC36 /* ClassChatViewController.swift in Sources */ = {isa = PBXBuildFile; fileRef = 044C89EB1F9F62E40009DC36 /* ClassChatViewController.swift */; };
		0457F7B01F9F145E00C6829C /* CustomizeUIView.swift in Sources */ = {isa = PBXBuildFile; fileRef = 0457F7AF1F9F145E00C6829C /* CustomizeUIView.swift */; };
		047C83601F976EE700440DB5 /* User.swift in Sources */ = {isa = PBXBuildFile; fileRef = 047C835F1F976EE700440DB5 /* User.swift */; };
		047C836C1F977A0C00440DB5 /* AuthenicationService.swift in Sources */ = {isa = PBXBuildFile; fileRef = 047C836B1F977A0C00440DB5 /* AuthenicationService.swift */; };
		047E4C651FA0616700FA7D35 /* SettingsViewController.swift in Sources */ = {isa = PBXBuildFile; fileRef = 047E4C641FA0616700FA7D35 /* SettingsViewController.swift */; };
		047E72611F9DA629004B9E2A /* ClassTableViewCell.swift in Sources */ = {isa = PBXBuildFile; fileRef = 047E72601F9DA629004B9E2A /* ClassTableViewCell.swift */; };
		04926C011FA04EEE00318B58 /* SearchViewController.swift in Sources */ = {isa = PBXBuildFile; fileRef = 04926C001FA04EEE00318B58 /* SearchViewController.swift */; };
		049A46241F928B1000FC7A70 /* SignUpNameViewController.swift in Sources */ = {isa = PBXBuildFile; fileRef = 049A46231F928B1000FC7A70 /* SignUpNameViewController.swift */; };
		049EF0F61F8FDB36001660C5 /* CKCC-Project.xcdatamodeld in Sources */ = {isa = PBXBuildFile; fileRef = 049EF0F41F8FDB36001660C5 /* CKCC-Project.xcdatamodeld */; };
		04CA68231F9CEBB800FCBBD7 /* ClassesViewController.swift in Sources */ = {isa = PBXBuildFile; fileRef = 04CA68221F9CEBB800FCBBD7 /* ClassesViewController.swift */; };
		04D0BF421F93B66800F1567F /* CreateClassViewController.swift in Sources */ = {isa = PBXBuildFile; fileRef = 04D0BF411F93B66700F1567F /* CreateClassViewController.swift */; };
		0A1249E418D65DCF7F97229D /* Pods_MyClass.framework in Frameworks */ = {isa = PBXBuildFile; fileRef = A79BBBEEDF8D3EE25545735D /* Pods_MyClass.framework */; };
		3F4CCBC11F8516F300E471D8 /* SignUpViewController.swift in Sources */ = {isa = PBXBuildFile; fileRef = 3F4CCBC01F8516F300E471D8 /* SignUpViewController.swift */; };
		4C5C84241F6BBB6B003BCBF8 /* AppDelegate.swift in Sources */ = {isa = PBXBuildFile; fileRef = 4C5C84231F6BBB6B003BCBF8 /* AppDelegate.swift */; };
		4C5C842B1F6BBB6B003BCBF8 /* Assets.xcassets in Resources */ = {isa = PBXBuildFile; fileRef = 4C5C842A1F6BBB6B003BCBF8 /* Assets.xcassets */; };
		4C5C842E1F6BBB6B003BCBF8 /* LaunchScreen.storyboard in Resources */ = {isa = PBXBuildFile; fileRef = 4C5C842C1F6BBB6B003BCBF8 /* LaunchScreen.storyboard */; };
		4CACFD231F6BBC1A0081062A /* Main.storyboard in Resources */ = {isa = PBXBuildFile; fileRef = 4CACFD221F6BBC1A0081062A /* Main.storyboard */; };
		4CACFD251F6BBD220081062A /* GoogleService-Info.plist in Resources */ = {isa = PBXBuildFile; fileRef = 4CACFD241F6BBD220081062A /* GoogleService-Info.plist */; };
		4CACFD271F6BBE7E0081062A /* LoginViewController.swift in Sources */ = {isa = PBXBuildFile; fileRef = 4CACFD261F6BBE7E0081062A /* LoginViewController.swift */; };
/* End PBXBuildFile section */

/* Begin PBXFileReference section */
		040D9C8F1F987EC400778DD4 /* ActionView.swift */ = {isa = PBXFileReference; lastKnownFileType = sourcecode.swift; path = ActionView.swift; sourceTree = "<group>"; };
		0444DBA71F9F692D00D51AA7 /* Bridging-Header.h */ = {isa = PBXFileReference; lastKnownFileType = sourcecode.c.h; path = "Bridging-Header.h"; sourceTree = "<group>"; };
		0444DBA91F9F6D6C00D51AA7 /* Constants.swift */ = {isa = PBXFileReference; lastKnownFileType = sourcecode.swift; path = Constants.swift; sourceTree = "<group>"; };
		0445C1181F9606E2001E2361 /* AccountTypeViewController.swift */ = {isa = PBXFileReference; lastKnownFileType = sourcecode.swift; path = AccountTypeViewController.swift; sourceTree = "<group>"; };
		044790AC1FA09BE500766F49 /* SettingsTableViewCell.swift */ = {isa = PBXFileReference; lastKnownFileType = sourcecode.swift; path = SettingsTableViewCell.swift; sourceTree = "<group>"; };
		044C89EB1F9F62E40009DC36 /* ClassChatViewController.swift */ = {isa = PBXFileReference; lastKnownFileType = sourcecode.swift; path = ClassChatViewController.swift; sourceTree = "<group>"; };
		0457F7AF1F9F145E00C6829C /* CustomizeUIView.swift */ = {isa = PBXFileReference; lastKnownFileType = sourcecode.swift; path = CustomizeUIView.swift; sourceTree = "<group>"; };
		047C835F1F976EE700440DB5 /* User.swift */ = {isa = PBXFileReference; lastKnownFileType = sourcecode.swift; path = User.swift; sourceTree = "<group>"; };
		047C836B1F977A0C00440DB5 /* AuthenicationService.swift */ = {isa = PBXFileReference; lastKnownFileType = sourcecode.swift; path = AuthenicationService.swift; sourceTree = "<group>"; };
		047E4C641FA0616700FA7D35 /* SettingsViewController.swift */ = {isa = PBXFileReference; lastKnownFileType = sourcecode.swift; path = SettingsViewController.swift; sourceTree = "<group>"; };
		047E72601F9DA629004B9E2A /* ClassTableViewCell.swift */ = {isa = PBXFileReference; lastKnownFileType = sourcecode.swift; path = ClassTableViewCell.swift; sourceTree = "<group>"; };
		04926C001FA04EEE00318B58 /* SearchViewController.swift */ = {isa = PBXFileReference; lastKnownFileType = sourcecode.swift; path = SearchViewController.swift; sourceTree = "<group>"; };
		049A46231F928B1000FC7A70 /* SignUpNameViewController.swift */ = {isa = PBXFileReference; lastKnownFileType = sourcecode.swift; path = SignUpNameViewController.swift; sourceTree = "<group>"; };
		049EF0F51F8FDB36001660C5 /* CKCC-Project.xcdatamodel */ = {isa = PBXFileReference; lastKnownFileType = wrapper.xcdatamodel; path = "CKCC-Project.xcdatamodel"; sourceTree = "<group>"; };
		04CA68221F9CEBB800FCBBD7 /* ClassesViewController.swift */ = {isa = PBXFileReference; lastKnownFileType = sourcecode.swift; path = ClassesViewController.swift; sourceTree = "<group>"; };
		04D0BF411F93B66700F1567F /* CreateClassViewController.swift */ = {isa = PBXFileReference; lastKnownFileType = sourcecode.swift; path = CreateClassViewController.swift; sourceTree = "<group>"; };
		3F4CCBC01F8516F300E471D8 /* SignUpViewController.swift */ = {isa = PBXFileReference; fileEncoding = 4; lastKnownFileType = sourcecode.swift; path = SignUpViewController.swift; sourceTree = "<group>"; };
		4C5C84201F6BBB6B003BCBF8 /* MyClass.app */ = {isa = PBXFileReference; explicitFileType = wrapper.application; includeInIndex = 0; path = MyClass.app; sourceTree = BUILT_PRODUCTS_DIR; };
		4C5C84231F6BBB6B003BCBF8 /* AppDelegate.swift */ = {isa = PBXFileReference; lastKnownFileType = sourcecode.swift; path = AppDelegate.swift; sourceTree = "<group>"; };
		4C5C842A1F6BBB6B003BCBF8 /* Assets.xcassets */ = {isa = PBXFileReference; lastKnownFileType = folder.assetcatalog; path = Assets.xcassets; sourceTree = "<group>"; };
		4C5C842D1F6BBB6B003BCBF8 /* Base */ = {isa = PBXFileReference; lastKnownFileType = file.storyboard; name = Base; path = Base.lproj/LaunchScreen.storyboard; sourceTree = "<group>"; };
		4C5C842F1F6BBB6B003BCBF8 /* Info.plist */ = {isa = PBXFileReference; lastKnownFileType = text.plist.xml; path = Info.plist; sourceTree = "<group>"; };
		4CACFD221F6BBC1A0081062A /* Main.storyboard */ = {isa = PBXFileReference; fileEncoding = 4; lastKnownFileType = file.storyboard; path = Main.storyboard; sourceTree = "<group>"; };
		4CACFD241F6BBD220081062A /* GoogleService-Info.plist */ = {isa = PBXFileReference; fileEncoding = 4; lastKnownFileType = text.plist.xml; path = "GoogleService-Info.plist"; sourceTree = "<group>"; };
		4CACFD261F6BBE7E0081062A /* LoginViewController.swift */ = {isa = PBXFileReference; fileEncoding = 4; lastKnownFileType = sourcecode.swift; path = LoginViewController.swift; sourceTree = "<group>"; };
		71D588C8DF387E952E4CC439 /* Pods-MyClass.release.xcconfig */ = {isa = PBXFileReference; includeInIndex = 1; lastKnownFileType = text.xcconfig; name = "Pods-MyClass.release.xcconfig"; path = "Pods/Target Support Files/Pods-MyClass/Pods-MyClass.release.xcconfig"; sourceTree = "<group>"; };
		7310EC2B364FA72A1EC12E0C /* Pods-MyClass.debug.xcconfig */ = {isa = PBXFileReference; includeInIndex = 1; lastKnownFileType = text.xcconfig; name = "Pods-MyClass.debug.xcconfig"; path = "Pods/Target Support Files/Pods-MyClass/Pods-MyClass.debug.xcconfig"; sourceTree = "<group>"; };
		A79BBBEEDF8D3EE25545735D /* Pods_MyClass.framework */ = {isa = PBXFileReference; explicitFileType = wrapper.framework; includeInIndex = 0; path = Pods_MyClass.framework; sourceTree = BUILT_PRODUCTS_DIR; };
/* End PBXFileReference section */

/* Begin PBXFrameworksBuildPhase section */
		4C5C841D1F6BBB6B003BCBF8 /* Frameworks */ = {
			isa = PBXFrameworksBuildPhase;
			buildActionMask = 2147483647;
			files = (
				0A1249E418D65DCF7F97229D /* Pods_MyClass.framework in Frameworks */,
			);
			runOnlyForDeploymentPostprocessing = 0;
		};
/* End PBXFrameworksBuildPhase section */

/* Begin PBXGroup section */
		0444DBA81F9F6D5300D51AA7 /* Authenications */ = {
			isa = PBXGroup;
			children = (
				047C836B1F977A0C00440DB5 /* AuthenicationService.swift */,
				047C835F1F976EE700440DB5 /* User.swift */,
			);
			path = Authenications;
			sourceTree = "<group>";
		};
		0457F7B11F9F14C200C6829C /* CustomizeUI */ = {
			isa = PBXGroup;
			children = (
				0457F7AF1F9F145E00C6829C /* CustomizeUIView.swift */,
			);
			path = CustomizeUI;
			sourceTree = "<group>";
		};
		048718D11F88B27000FE1223 /* Model */ = {
			isa = PBXGroup;
			children = (
				0457F7B11F9F14C200C6829C /* CustomizeUI */,
				0444DBA81F9F6D5300D51AA7 /* Authenications */,
				040D9C8F1F987EC400778DD4 /* ActionView.swift */,
				049EF0F41F8FDB36001660C5 /* CKCC-Project.xcdatamodeld */,
				0444DBA91F9F6D6C00D51AA7 /* Constants.swift */,
			);
			path = Model;
			sourceTree = "<group>";
		};
		048718D21F88B27800FE1223 /* View */ = {
			isa = PBXGroup;
			children = (
				4CACFD221F6BBC1A0081062A /* Main.storyboard */,
				4C5C842C1F6BBB6B003BCBF8 /* LaunchScreen.storyboard */,
				4C5C842A1F6BBB6B003BCBF8 /* Assets.xcassets */,
			);
			path = View;
			sourceTree = "<group>";
		};
		048718D41F88B28900FE1223 /* Controller */ = {
			isa = PBXGroup;
			children = (
				4C5C84231F6BBB6B003BCBF8 /* AppDelegate.swift */,
				04CA681F1F9CE5AE00FCBBD7 /* Authenication Controllers */,
				04D0BF411F93B66700F1567F /* CreateClassViewController.swift */,
				04CA68221F9CEBB800FCBBD7 /* ClassesViewController.swift */,
				047E72601F9DA629004B9E2A /* ClassTableViewCell.swift */,
				044C89EB1F9F62E40009DC36 /* ClassChatViewController.swift */,
				04926C001FA04EEE00318B58 /* SearchViewController.swift */,
				047E4C641FA0616700FA7D35 /* SettingsViewController.swift */,
				044790AC1FA09BE500766F49 /* SettingsTableViewCell.swift */,
			);
			path = Controller;
			sourceTree = "<group>";
		};
		04CA681F1F9CE5AE00FCBBD7 /* Authenication Controllers */ = {
			isa = PBXGroup;
			children = (
				4CACFD261F6BBE7E0081062A /* LoginViewController.swift */,
				3F4CCBC01F8516F300E471D8 /* SignUpViewController.swift */,
				049A46231F928B1000FC7A70 /* SignUpNameViewController.swift */,
				0445C1181F9606E2001E2361 /* AccountTypeViewController.swift */,
			);
			path = "Authenication Controllers";
			sourceTree = "<group>";
		};
		2E137073281C71DEC0B42B54 /* Pods */ = {
			isa = PBXGroup;
			children = (
				7310EC2B364FA72A1EC12E0C /* Pods-MyClass.debug.xcconfig */,
				71D588C8DF387E952E4CC439 /* Pods-MyClass.release.xcconfig */,
			);
			name = Pods;
			sourceTree = "<group>";
		};
		4C5C84171F6BBB6B003BCBF8 = {
			isa = PBXGroup;
			children = (
				0444DBA71F9F692D00D51AA7 /* Bridging-Header.h */,
				4CACFD241F6BBD220081062A /* GoogleService-Info.plist */,
				4C5C84221F6BBB6B003BCBF8 /* MyClass */,
				4C5C84211F6BBB6B003BCBF8 /* Products */,
				2E137073281C71DEC0B42B54 /* Pods */,
				906E81EEBB1DF4E9AD911921 /* Frameworks */,
			);
			sourceTree = "<group>";
		};
		4C5C84211F6BBB6B003BCBF8 /* Products */ = {
			isa = PBXGroup;
			children = (
				4C5C84201F6BBB6B003BCBF8 /* MyClass.app */,
			);
			name = Products;
			sourceTree = "<group>";
		};
		4C5C84221F6BBB6B003BCBF8 /* MyClass */ = {
			isa = PBXGroup;
			children = (
				048718D11F88B27000FE1223 /* Model */,
				048718D21F88B27800FE1223 /* View */,
				048718D41F88B28900FE1223 /* Controller */,
				4C5C842F1F6BBB6B003BCBF8 /* Info.plist */,
			);
			path = MyClass;
			sourceTree = "<group>";
		};
		906E81EEBB1DF4E9AD911921 /* Frameworks */ = {
			isa = PBXGroup;
			children = (
				A79BBBEEDF8D3EE25545735D /* Pods_MyClass.framework */,
			);
			name = Frameworks;
			sourceTree = "<group>";
		};
/* End PBXGroup section */

/* Begin PBXNativeTarget section */
		4C5C841F1F6BBB6B003BCBF8 /* MyClass */ = {
			isa = PBXNativeTarget;
			buildConfigurationList = 4C5C84321F6BBB6B003BCBF8 /* Build configuration list for PBXNativeTarget "MyClass" */;
			buildPhases = (
				B0E3C3E7794DCB9E42AFEE74 /* [CP] Check Pods Manifest.lock */,
				4C5C841C1F6BBB6B003BCBF8 /* Sources */,
				4C5C841D1F6BBB6B003BCBF8 /* Frameworks */,
				4C5C841E1F6BBB6B003BCBF8 /* Resources */,
				A41A13A2CD9C5D3DEF66A6E8 /* [CP] Embed Pods Frameworks */,
				2BDFB8ED11A61F6B27C2C56F /* [CP] Copy Pods Resources */,
			);
			buildRules = (
			);
			dependencies = (
			);
			name = MyClass;
			productName = MyClass;
			productReference = 4C5C84201F6BBB6B003BCBF8 /* MyClass.app */;
			productType = "com.apple.product-type.application";
		};
/* End PBXNativeTarget section */

/* Begin PBXProject section */
		4C5C84181F6BBB6B003BCBF8 /* Project object */ = {
			isa = PBXProject;
			attributes = {
				LastSwiftUpdateCheck = 0830;
				LastUpgradeCheck = 0900;
				ORGANIZATIONNAME = "Radeth Chhay";
				TargetAttributes = {
					4C5C841F1F6BBB6B003BCBF8 = {
						CreatedOnToolsVersion = 8.3.3;
						DevelopmentTeam = HK7SR3NG9G;
						LastSwiftMigration = 0900;
						ProvisioningStyle = Automatic;
					};
				};
			};
			buildConfigurationList = 4C5C841B1F6BBB6B003BCBF8 /* Build configuration list for PBXProject "MyClass" */;
			compatibilityVersion = "Xcode 3.2";
			developmentRegion = English;
			hasScannedForEncodings = 0;
			knownRegions = (
				en,
				Base,
			);
			mainGroup = 4C5C84171F6BBB6B003BCBF8;
			productRefGroup = 4C5C84211F6BBB6B003BCBF8 /* Products */;
			projectDirPath = "";
			projectRoot = "";
			targets = (
				4C5C841F1F6BBB6B003BCBF8 /* MyClass */,
			);
		};
/* End PBXProject section */

/* Begin PBXResourcesBuildPhase section */
		4C5C841E1F6BBB6B003BCBF8 /* Resources */ = {
			isa = PBXResourcesBuildPhase;
			buildActionMask = 2147483647;
			files = (
				4CACFD231F6BBC1A0081062A /* Main.storyboard in Resources */,
				4CACFD251F6BBD220081062A /* GoogleService-Info.plist in Resources */,
				4C5C842E1F6BBB6B003BCBF8 /* LaunchScreen.storyboard in Resources */,
				4C5C842B1F6BBB6B003BCBF8 /* Assets.xcassets in Resources */,
			);
			runOnlyForDeploymentPostprocessing = 0;
		};
/* End PBXResourcesBuildPhase section */

/* Begin PBXShellScriptBuildPhase section */
		2BDFB8ED11A61F6B27C2C56F /* [CP] Copy Pods Resources */ = {
			isa = PBXShellScriptBuildPhase;
			buildActionMask = 2147483647;
			files = (
			);
			inputPaths = (
			);
			name = "[CP] Copy Pods Resources";
			outputPaths = (
			);
			runOnlyForDeploymentPostprocessing = 0;
			shellPath = /bin/sh;
			shellScript = "\"${SRCROOT}/Pods/Target Support Files/Pods-MyClass/Pods-MyClass-resources.sh\"\n";
			showEnvVarsInLog = 0;
		};
		A41A13A2CD9C5D3DEF66A6E8 /* [CP] Embed Pods Frameworks */ = {
			isa = PBXShellScriptBuildPhase;
			buildActionMask = 2147483647;
			files = (
			);
			inputPaths = (
				"${SRCROOT}/Pods/Target Support Files/Pods-MyClass/Pods-MyClass-frameworks.sh",
				"${BUILT_PRODUCTS_DIR}/GTMSessionFetcher/GTMSessionFetcher.framework",
				"${BUILT_PRODUCTS_DIR}/GoogleToolboxForMac/GoogleToolboxForMac.framework",
				"${BUILT_PRODUCTS_DIR}/JSQMessagesViewController/JSQMessagesViewController.framework",
				"${BUILT_PRODUCTS_DIR}/JSQSystemSoundPlayer/JSQSystemSoundPlayer.framework",
				"${BUILT_PRODUCTS_DIR}/leveldb-library/leveldb.framework",
				"${BUILT_PRODUCTS_DIR}/nanopb/nanopb.framework",
			);
			name = "[CP] Embed Pods Frameworks";
			outputPaths = (
				"${TARGET_BUILD_DIR}/${FRAMEWORKS_FOLDER_PATH}/GTMSessionFetcher.framework",
				"${TARGET_BUILD_DIR}/${FRAMEWORKS_FOLDER_PATH}/GoogleToolboxForMac.framework",
				"${TARGET_BUILD_DIR}/${FRAMEWORKS_FOLDER_PATH}/JSQMessagesViewController.framework",
				"${TARGET_BUILD_DIR}/${FRAMEWORKS_FOLDER_PATH}/JSQSystemSoundPlayer.framework",
				"${TARGET_BUILD_DIR}/${FRAMEWORKS_FOLDER_PATH}/leveldb.framework",
				"${TARGET_BUILD_DIR}/${FRAMEWORKS_FOLDER_PATH}/nanopb.framework",
			);
			runOnlyForDeploymentPostprocessing = 0;
			shellPath = /bin/sh;
			shellScript = "\"${SRCROOT}/Pods/Target Support Files/Pods-MyClass/Pods-MyClass-frameworks.sh\"\n";
			showEnvVarsInLog = 0;
		};
		B0E3C3E7794DCB9E42AFEE74 /* [CP] Check Pods Manifest.lock */ = {
			isa = PBXShellScriptBuildPhase;
			buildActionMask = 2147483647;
			files = (
			);
			inputPaths = (
				"${PODS_PODFILE_DIR_PATH}/Podfile.lock",
				"${PODS_ROOT}/Manifest.lock",
			);
			name = "[CP] Check Pods Manifest.lock";
			outputPaths = (
				"$(DERIVED_FILE_DIR)/Pods-MyClass-checkManifestLockResult.txt",
			);
			runOnlyForDeploymentPostprocessing = 0;
			shellPath = /bin/sh;
			shellScript = "diff \"${PODS_PODFILE_DIR_PATH}/Podfile.lock\" \"${PODS_ROOT}/Manifest.lock\" > /dev/null\nif [ $? != 0 ] ; then\n    # print error to STDERR\n    echo \"error: The sandbox is not in sync with the Podfile.lock. Run 'pod install' or update your CocoaPods installation.\" >&2\n    exit 1\nfi\n# This output is used by Xcode 'outputs' to avoid re-running this script phase.\necho \"SUCCESS\" > \"${SCRIPT_OUTPUT_FILE_0}\"\n";
			showEnvVarsInLog = 0;
		};
/* End PBXShellScriptBuildPhase section */

/* Begin PBXSourcesBuildPhase section */
		4C5C841C1F6BBB6B003BCBF8 /* Sources */ = {
			isa = PBXSourcesBuildPhase;
			buildActionMask = 2147483647;
			files = (
				3F4CCBC11F8516F300E471D8 /* SignUpViewController.swift in Sources */,
				040D9C901F987EC400778DD4 /* ActionView.swift in Sources */,
				044790AD1FA09BE500766F49 /* SettingsTableViewCell.swift in Sources */,
				049EF0F61F8FDB36001660C5 /* CKCC-Project.xcdatamodeld in Sources */,
				04926C011FA04EEE00318B58 /* SearchViewController.swift in Sources */,
				0445C1191F9606E2001E2361 /* AccountTypeViewController.swift in Sources */,
				4CACFD271F6BBE7E0081062A /* LoginViewController.swift in Sources */,
				4C5C84241F6BBB6B003BCBF8 /* AppDelegate.swift in Sources */,
				0457F7B01F9F145E00C6829C /* CustomizeUIView.swift in Sources */,
				0444DBAA1F9F6D6C00D51AA7 /* Constants.swift in Sources */,
				04CA68231F9CEBB800FCBBD7 /* ClassesViewController.swift in Sources */,
				044C89EC1F9F62E40009DC36 /* ClassChatViewController.swift in Sources */,
				049A46241F928B1000FC7A70 /* SignUpNameViewController.swift in Sources */,
				047E72611F9DA629004B9E2A /* ClassTableViewCell.swift in Sources */,
				047C83601F976EE700440DB5 /* User.swift in Sources */,
				047C836C1F977A0C00440DB5 /* AuthenicationService.swift in Sources */,
				04D0BF421F93B66800F1567F /* CreateClassViewController.swift in Sources */,
				047E4C651FA0616700FA7D35 /* SettingsViewController.swift in Sources */,
			);
			runOnlyForDeploymentPostprocessing = 0;
		};
/* End PBXSourcesBuildPhase section */

/* Begin PBXVariantGroup section */
		4C5C842C1F6BBB6B003BCBF8 /* LaunchScreen.storyboard */ = {
			isa = PBXVariantGroup;
			children = (
				4C5C842D1F6BBB6B003BCBF8 /* Base */,
			);
			name = LaunchScreen.storyboard;
			sourceTree = "<group>";
		};
/* End PBXVariantGroup section */

/* Begin XCBuildConfiguration section */
		4C5C84301F6BBB6B003BCBF8 /* Debug */ = {
			isa = XCBuildConfiguration;
			buildSettings = {
				ALWAYS_SEARCH_USER_PATHS = NO;
				CLANG_ANALYZER_NONNULL = YES;
				CLANG_ANALYZER_NUMBER_OBJECT_CONVERSION = YES_AGGRESSIVE;
				CLANG_CXX_LANGUAGE_STANDARD = "gnu++0x";
				CLANG_CXX_LIBRARY = "libc++";
				CLANG_ENABLE_MODULES = YES;
				CLANG_ENABLE_OBJC_ARC = YES;
				CLANG_WARN_BLOCK_CAPTURE_AUTORELEASING = YES;
				CLANG_WARN_BOOL_CONVERSION = YES;
				CLANG_WARN_COMMA = YES;
				CLANG_WARN_CONSTANT_CONVERSION = YES;
				CLANG_WARN_DIRECT_OBJC_ISA_USAGE = YES_ERROR;
				CLANG_WARN_DOCUMENTATION_COMMENTS = YES;
				CLANG_WARN_EMPTY_BODY = YES;
				CLANG_WARN_ENUM_CONVERSION = YES;
				CLANG_WARN_INFINITE_RECURSION = YES;
				CLANG_WARN_INT_CONVERSION = YES;
				CLANG_WARN_NON_LITERAL_NULL_CONVERSION = YES;
				CLANG_WARN_OBJC_LITERAL_CONVERSION = YES;
				CLANG_WARN_OBJC_ROOT_CLASS = YES_ERROR;
				CLANG_WARN_RANGE_LOOP_ANALYSIS = YES;
				CLANG_WARN_STRICT_PROTOTYPES = YES;
				CLANG_WARN_SUSPICIOUS_MOVE = YES;
				CLANG_WARN_UNREACHABLE_CODE = YES;
				CLANG_WARN__DUPLICATE_METHOD_MATCH = YES;
				"CODE_SIGN_IDENTITY[sdk=iphoneos*]" = "iPhone Developer";
				COPY_PHASE_STRIP = NO;
				DEBUG_INFORMATION_FORMAT = dwarf;
				ENABLE_STRICT_OBJC_MSGSEND = YES;
				ENABLE_TESTABILITY = YES;
				GCC_C_LANGUAGE_STANDARD = gnu99;
				GCC_DYNAMIC_NO_PIC = NO;
				GCC_NO_COMMON_BLOCKS = YES;
				GCC_OPTIMIZATION_LEVEL = 0;
				GCC_PREPROCESSOR_DEFINITIONS = (
					"DEBUG=1",
					"$(inherited)",
				);
				GCC_WARN_64_TO_32_BIT_CONVERSION = YES;
				GCC_WARN_ABOUT_RETURN_TYPE = YES_ERROR;
				GCC_WARN_UNDECLARED_SELECTOR = YES;
				GCC_WARN_UNINITIALIZED_AUTOS = YES_AGGRESSIVE;
				GCC_WARN_UNUSED_FUNCTION = YES;
				GCC_WARN_UNUSED_VARIABLE = YES;
				IPHONEOS_DEPLOYMENT_TARGET = 10.0;
				MTL_ENABLE_DEBUG_INFO = YES;
				ONLY_ACTIVE_ARCH = YES;
				SDKROOT = iphoneos;
				SWIFT_ACTIVE_COMPILATION_CONDITIONS = DEBUG;
				SWIFT_OPTIMIZATION_LEVEL = "-Onone";
				TARGETED_DEVICE_FAMILY = "1,2";
			};
			name = Debug;
		};
		4C5C84311F6BBB6B003BCBF8 /* Release */ = {
			isa = XCBuildConfiguration;
			buildSettings = {
				ALWAYS_SEARCH_USER_PATHS = NO;
				CLANG_ANALYZER_NONNULL = YES;
				CLANG_ANALYZER_NUMBER_OBJECT_CONVERSION = YES_AGGRESSIVE;
				CLANG_CXX_LANGUAGE_STANDARD = "gnu++0x";
				CLANG_CXX_LIBRARY = "libc++";
				CLANG_ENABLE_MODULES = YES;
				CLANG_ENABLE_OBJC_ARC = YES;
				CLANG_WARN_BLOCK_CAPTURE_AUTORELEASING = YES;
				CLANG_WARN_BOOL_CONVERSION = YES;
				CLANG_WARN_COMMA = YES;
				CLANG_WARN_CONSTANT_CONVERSION = YES;
				CLANG_WARN_DIRECT_OBJC_ISA_USAGE = YES_ERROR;
				CLANG_WARN_DOCUMENTATION_COMMENTS = YES;
				CLANG_WARN_EMPTY_BODY = YES;
				CLANG_WARN_ENUM_CONVERSION = YES;
				CLANG_WARN_INFINITE_RECURSION = YES;
				CLANG_WARN_INT_CONVERSION = YES;
				CLANG_WARN_NON_LITERAL_NULL_CONVERSION = YES;
				CLANG_WARN_OBJC_LITERAL_CONVERSION = YES;
				CLANG_WARN_OBJC_ROOT_CLASS = YES_ERROR;
				CLANG_WARN_RANGE_LOOP_ANALYSIS = YES;
				CLANG_WARN_STRICT_PROTOTYPES = YES;
				CLANG_WARN_SUSPICIOUS_MOVE = YES;
				CLANG_WARN_UNREACHABLE_CODE = YES;
				CLANG_WARN__DUPLICATE_METHOD_MATCH = YES;
				"CODE_SIGN_IDENTITY[sdk=iphoneos*]" = "iPhone Developer";
				COPY_PHASE_STRIP = NO;
				DEBUG_INFORMATION_FORMAT = "dwarf-with-dsym";
				ENABLE_NS_ASSERTIONS = NO;
				ENABLE_STRICT_OBJC_MSGSEND = YES;
				GCC_C_LANGUAGE_STANDARD = gnu99;
				GCC_NO_COMMON_BLOCKS = YES;
				GCC_WARN_64_TO_32_BIT_CONVERSION = YES;
				GCC_WARN_ABOUT_RETURN_TYPE = YES_ERROR;
				GCC_WARN_UNDECLARED_SELECTOR = YES;
				GCC_WARN_UNINITIALIZED_AUTOS = YES_AGGRESSIVE;
				GCC_WARN_UNUSED_FUNCTION = YES;
				GCC_WARN_UNUSED_VARIABLE = YES;
				IPHONEOS_DEPLOYMENT_TARGET = 10.0;
				MTL_ENABLE_DEBUG_INFO = NO;
				SDKROOT = iphoneos;
				SWIFT_OPTIMIZATION_LEVEL = "-Owholemodule";
				TARGETED_DEVICE_FAMILY = "1,2";
				VALIDATE_PRODUCT = YES;
			};
			name = Release;
		};
		4C5C84331F6BBB6B003BCBF8 /* Debug */ = {
			isa = XCBuildConfiguration;
			baseConfigurationReference = 7310EC2B364FA72A1EC12E0C /* Pods-MyClass.debug.xcconfig */;
			buildSettings = {
				ASSETCATALOG_COMPILER_APPICON_NAME = AppIcon;
				DEVELOPMENT_TEAM = HK7SR3NG9G;
				INFOPLIST_FILE = MyClass/Info.plist;
				IPHONEOS_DEPLOYMENT_TARGET = 10.0;
				LD_RUNPATH_SEARCH_PATHS = "$(inherited) @executable_path/Frameworks";
				PRODUCT_BUNDLE_IDENTIFIER = com.radeth.myCKCCApp.MyClass;
				PRODUCT_NAME = "$(TARGET_NAME)";
				SWIFT_OBJC_BRIDGING_HEADER = "Bridging-Header.h";
				SWIFT_SWIFT3_OBJC_INFERENCE = Default;
				SWIFT_VERSION = 4.0;
			};
			name = Debug;
		};
		4C5C84341F6BBB6B003BCBF8 /* Release */ = {
			isa = XCBuildConfiguration;
			baseConfigurationReference = 71D588C8DF387E952E4CC439 /* Pods-MyClass.release.xcconfig */;
			buildSettings = {
				ASSETCATALOG_COMPILER_APPICON_NAME = AppIcon;
				DEVELOPMENT_TEAM = HK7SR3NG9G;
				INFOPLIST_FILE = MyClass/Info.plist;
				IPHONEOS_DEPLOYMENT_TARGET = 10.0;
				LD_RUNPATH_SEARCH_PATHS = "$(inherited) @executable_path/Frameworks";
				PRODUCT_BUNDLE_IDENTIFIER = com.radeth.myCKCCApp.MyClass;
				PRODUCT_NAME = "$(TARGET_NAME)";
				SWIFT_OBJC_BRIDGING_HEADER = "Bridging-Header.h";
				SWIFT_SWIFT3_OBJC_INFERENCE = Default;
				SWIFT_VERSION = 4.0;
			};
			name = Release;
		};
/* End XCBuildConfiguration section */

/* Begin XCConfigurationList section */
		4C5C841B1F6BBB6B003BCBF8 /* Build configuration list for PBXProject "MyClass" */ = {
			isa = XCConfigurationList;
			buildConfigurations = (
				4C5C84301F6BBB6B003BCBF8 /* Debug */,
				4C5C84311F6BBB6B003BCBF8 /* Release */,
			);
			defaultConfigurationIsVisible = 0;
			defaultConfigurationName = Release;
		};
		4C5C84321F6BBB6B003BCBF8 /* Build configuration list for PBXNativeTarget "MyClass" */ = {
			isa = XCConfigurationList;
			buildConfigurations = (
				4C5C84331F6BBB6B003BCBF8 /* Debug */,
				4C5C84341F6BBB6B003BCBF8 /* Release */,
			);
			defaultConfigurationIsVisible = 0;
			defaultConfigurationName = Release;
		};
/* End XCConfigurationList section */

/* Begin XCVersionGroup section */
		049EF0F41F8FDB36001660C5 /* CKCC-Project.xcdatamodeld */ = {
			isa = XCVersionGroup;
			children = (
				049EF0F51F8FDB36001660C5 /* CKCC-Project.xcdatamodel */,
			);
			currentVersion = 049EF0F51F8FDB36001660C5 /* CKCC-Project.xcdatamodel */;
			path = "CKCC-Project.xcdatamodeld";
			sourceTree = "<group>";
			versionGroupType = wrapper.xcdatamodel;
		};
/* End XCVersionGroup section */
	};
	rootObject = 4C5C84181F6BBB6B003BCBF8 /* Project object */;
}
